
Microsoft Visual Studio Solution File, Format Version 12.00
# Visual Studio Version 16
VisualStudioVersion = 16.0.32002.261
MinimumVisualStudioVersion = 10.0.40219.1
Project("{FAE04EC0-301F-11D3-BF4B-00C04F79EFBC}") = "CSharp_Learn", "CSharp_Learn.csproj", "{0682B2A0-A671-4AE6-AAF3-5DA13C4EB326}"
EndProject
Global
	GlobalSection(SolutionConfigurationPlatforms) = preSolution
		Debug|Any CPU = Debug|Any CPU
		Release|Any CPU = Release|Any CPU
	EndGlobalSection
	GlobalSection(ProjectConfigurationPlatforms) = postSolution
		{0682B2A0-A671-4AE6-AAF3-5DA13C4EB326}.Debug|Any CPU.ActiveCfg = Debug|Any CPU
		{0682B2A0-A671-4AE6-AAF3-5DA13C4EB326}.Debug|Any CPU.Build.0 = Debug|Any CPU
		{0682B2A0-A671-4AE6-AAF3-5DA13C4EB326}.Release|Any CPU.ActiveCfg = Release|Any CPU
		{0682B2A0-A671-4AE6-AAF3-5DA13C4EB326}.Release|Any CPU.Build.0 = Release|Any CPU
	EndGlobalSection
	GlobalSection(SolutionProperties) = preSolution
		HideSolutionNode = FALSE
	EndGlobalSection
	GlobalSection(ExtensibilityGlobals) = postSolution
		SolutionGuid = {7C91CE52-50D1-4160-8FB6-FA12816FB3AC}
	EndGlobalSection
EndGlobal
